// !$*UTF8*$!
{
	archiveVersion = 1;
	classes = {
	};
	objectVersion = 46;
	objects = {

/* Begin PBXBuildFile section */
		287772061EBECF0E00196D97 /* AppDelegate.swift in Sources */ = {isa = PBXBuildFile; fileRef = 287772051EBECF0E00196D97 /* AppDelegate.swift */; };
		287772081EBECF0E00196D97 /* ViewController.swift in Sources */ = {isa = PBXBuildFile; fileRef = 287772071EBECF0E00196D97 /* ViewController.swift */; };
		2877720B1EBECF0E00196D97 /* Main.storyboard in Resources */ = {isa = PBXBuildFile; fileRef = 287772091EBECF0E00196D97 /* Main.storyboard */; };
		2877720D1EBECF0E00196D97 /* Assets.xcassets in Resources */ = {isa = PBXBuildFile; fileRef = 2877720C1EBECF0E00196D97 /* Assets.xcassets */; };
		287772101EBECF0E00196D97 /* LaunchScreen.storyboard in Resources */ = {isa = PBXBuildFile; fileRef = 2877720E1EBECF0E00196D97 /* LaunchScreen.storyboard */; };
/* End PBXBuildFile section */

/* Begin PBXFileReference section */
		287772021EBECF0E00196D97 /* Jamiyah.app */ = {isa = PBXFileReference; explicitFileType = wrapper.application; includeInIndex = 0; path = Jamiyah.app; sourceTree = BUILT_PRODUCTS_DIR; };
		287772051EBECF0E00196D97 /* AppDelegate.swift */ = {isa = PBXFileReference; lastKnownFileType = sourcecode.swift; path = AppDelegate.swift; sourceTree = "<group>"; };
		287772071EBECF0E00196D97 /* ViewController.swift */ = {isa = PBXFileReference; lastKnownFileType = sourcecode.swift; path = ViewController.swift; sourceTree = "<group>"; };
		2877720A1EBECF0E00196D97 /* Base */ = {isa = PBXFileReference; lastKnownFileType = file.storyboard; name = Base; path = Base.lproj/Main.storyboard; sourceTree = "<group>"; };
		2877720C1EBECF0E00196D97 /* Assets.xcassets */ = {isa = PBXFileReference; lastKnownFileType = folder.assetcatalog; path = Assets.xcassets; sourceTree = "<group>"; };
		2877720F1EBECF0E00196D97 /* Base */ = {isa = PBXFileReference; lastKnownFileType = file.storyboard; name = Base; path = Base.lproj/LaunchScreen.storyboard; sourceTree = "<group>"; };
		287772111EBECF0E00196D97 /* Info.plist */ = {isa = PBXFileReference; lastKnownFileType = text.plist.xml; path = Info.plist; sourceTree = "<group>"; };
/* End PBXFileReference section */

/* Begin PBXFrameworksBuildPhase section */
		287771FF1EBECF0E00196D97 /* Frameworks */ = {
			isa = PBXFrameworksBuildPhase;
			buildActionMask = 2147483647;
			files = (
			);
			runOnlyForDeploymentPostprocessing = 0;
		};
/* End PBXFrameworksBuildPhase section */

/* Begin PBXGroup section */
		287771F91EBECF0E00196D97 = {
			isa = PBXGroup;
			children = (
				287772041EBECF0E00196D97 /* Jamiyah */,
				287772031EBECF0E00196D97 /* Products */,
			);
			sourceTree = "<group>";
		};
		287772031EBECF0E00196D97 /* Products */ = {
			isa = PBXGroup;
			children = (
				287772021EBECF0E00196D97 /* Jamiyah.app */,
			);
			name = Products;
			sourceTree = "<group>";
		};
		287772041EBECF0E00196D97 /* Jamiyah */ = {
			isa = PBXGroup;
			children = (
				287772051EBECF0E00196D97 /* AppDelegate.swift */,
				287772071EBECF0E00196D97 /* ViewController.swift */,
				287772091EBECF0E00196D97 /* Main.storyboard */,
				2877720C1EBECF0E00196D97 /* Assets.xcassets */,
				2877720E1EBECF0E00196D97 /* LaunchScreen.storyboard */,
				287772111EBECF0E00196D97 /* Info.plist */,
			);
			path = Jamiyah;
			sourceTree = "<group>";
		};
/* End PBXGroup section */

/* Begin PBXNativeTarget section */
		287772011EBECF0E00196D97 /* Jamiyah */ = {
			isa = PBXNativeTarget;
			buildConfigurationList = 287772141EBECF0E00196D97 /* Build configuration list for PBXNativeTarget "Jamiyah" */;
			buildPhases = (
				287771FE1EBECF0E00196D97 /* Sources */,
				287771FF1EBECF0E00196D97 /* Frameworks */,
				287772001EBECF0E00196D97 /* Resources */,
			);
			buildRules = (
			);
			dependencies = (
			);
			name = Jamiyah;
			productName = Jamiyah;
			productReference = 287772021EBECF0E00196D97 /* Jamiyah.app */;
			productType = "com.apple.product-type.application";
		};
/* End PBXNativeTarget section */

/* Begin PBXProject section */
		287771FA1EBECF0E00196D97 /* Project object */ = {
			isa = PBXProject;
			attributes = {
				LastSwiftUpdateCheck = 0830;
				LastUpgradeCheck = 0830;
				ORGANIZATIONNAME = techaddictsa;
				TargetAttributes = {
					287772011EBECF0E00196D97 = {
						CreatedOnToolsVersion = 8.3.2;
						DevelopmentTeam = WW8CTKBQ93;
						ProvisioningStyle = Automatic;
					};
				};
			};
			buildConfigurationList = 287771FD1EBECF0E00196D97 /* Build configuration list for PBXProject "Jamiyah" */;
			compatibilityVersion = "Xcode 3.2";
			developmentRegion = English;
			hasScannedForEncodings = 0;
			knownRegions = (
				en,
				Base,
			);
			mainGroup = 287771F91EBECF0E00196D97;
			productRefGroup = 287772031EBECF0E00196D97 /* Products */;
			projectDirPath = "";
			projectRoot = "";
			targets = (
				287772011EBECF0E00196D97 /* Jamiyah */,
			);
		};
/* End PBXProject section */

/* Begin PBXResourcesBuildPhase section */
		287772001EBECF0E00196D97 /* Resources */ = {
			isa = PBXResourcesBuildPhase;
			buildActionMask = 2147483647;
			files = (
				287772101EBECF0E00196D97 /* LaunchScreen.storyboard in Resources */,
				2877720D1EBECF0E00196D97 /* Assets.xcassets in Resources */,
				2877720B1EBECF0E00196D97 /* Main.storyboard in Resources */,
			);
			runOnlyForDeploymentPostprocessing = 0;
		};
/* End PBXResourcesBuildPhase section */

/* Begin PBXSourcesBuildPhase section */
		287771FE1EBECF0E00196D97 /* Sources */ = {
			isa = PBXSourcesBuildPhase;
			buildActionMask = 2147483647;
			files = (
				287772081EBECF0E00196D97 /* ViewController.swift in Sources */,
				287772061EBECF0E00196D97 /* AppDelegate.swift in Sources */,
			);
			runOnlyForDeploymentPostprocessing = 0;
		};
/* End PBXSourcesBuildPhase section */

/* Begin PBXVariantGroup section */
		287772091EBECF0E00196D97 /* Main.storyboard */ = {
			isa = PBXVariantGroup;
			children = (
				2877720A1EBECF0E00196D97 /* Base */,
			);
			name = Main.storyboard;
			sourceTree = "<group>";
		};
		2877720E1EBECF0E00196D97 /* LaunchScreen.storyboard */ = {
			isa = PBXVariantGroup;
			children = (
				2877720F1EBECF0E00196D97 /* Base */,
			);
			name = LaunchScreen.storyboard;
			sourceTree = "<group>";
		};
/* End PBXVariantGroup section */

/* Begin XCBuildConfiguration section */
		287772121EBECF0E00196D97 /* Debug */ = {
			isa = XCBuildConfiguration;
			buildSettings = {
				ALWAYS_SEARCH_USER_PATHS = NO;
				CLANG_ANALYZER_NONNULL = YES;
				CLANG_ANALYZER_NUMBER_OBJECT_CONVERSION = YES_AGGRESSIVE;
				CLANG_CXX_LANGUAGE_STANDARD = "gnu++0x";
				CLANG_CXX_LIBRARY = "libc++";
				CLANG_ENABLE_MODULES = YES;
				CLANG_ENABLE_OBJC_ARC = YES;
				CLANG_WARN_BOOL_CONVERSION = YES;
				CLANG_WARN_CONSTANT_CONVERSION = YES;
				CLANG_WARN_DIRECT_OBJC_ISA_USAGE = YES_ERROR;
				CLANG_WARN_DOCUMENTATION_COMMENTS = YES;
				CLANG_WARN_EMPTY_BODY = YES;
				CLANG_WARN_ENUM_CONVERSION = YES;
				CLANG_WARN_INFINITE_RECURSION = YES;
				CLANG_WARN_INT_CONVERSION = YES;
				CLANG_WARN_OBJC_ROOT_CLASS = YES_ERROR;
				CLANG_WARN_SUSPICIOUS_MOVE = YES;
				CLANG_WARN_UNREACHABLE_CODE = YES;
				CLANG_WARN__DUPLICATE_METHOD_MATCH = YES;
				"CODE_SIGN_IDENTITY[sdk=iphoneos*]" = "iPhone Developer";
				COPY_PHASE_STRIP = NO;
				DEBUG_INFORMATION_FORMAT = dwarf;
				ENABLE_STRICT_OBJC_MSGSEND = YES;
				ENABLE_TESTABILITY = YES;
				GCC_C_LANGUAGE_STANDARD = gnu99;
				GCC_DYNAMIC_NO_PIC = NO;
				GCC_NO_COMMON_BLOCKS = YES;
				GCC_OPTIMIZATION_LEVEL = 0;
				GCC_PREPROCESSOR_DEFINITIONS = (
					"DEBUG=1",
					"$(inherited)",
				);
				GCC_WARN_64_TO_32_BIT_CONVERSION = YES;
				GCC_WARN_ABOUT_RETURN_TYPE = YES_ERROR;
				GCC_WARN_UNDECLARED_SELECTOR = YES;
				GCC_WARN_UNINITIALIZED_AUTOS = YES_AGGRESSIVE;
				GCC_WARN_UNUSED_FUNCTION = YES;
				GCC_WARN_UNUSED_VARIABLE = YES;
				IPHONEOS_DEPLOYMENT_TARGET = 10.3;
				MTL_ENABLE_DEBUG_INFO = YES;
				ONLY_ACTIVE_ARCH = YES;
				SDKROOT = iphoneos;
				SWIFT_ACTIVE_COMPILATION_CONDITIONS = DEBUG;
				SWIFT_OPTIMIZATION_LEVEL = "-Onone";
			};
			name = Debug;
		};
		287772131EBECF0E00196D97 /* Release */ = {
			isa = XCBuildConfiguration;
			buildSettings = {
				ALWAYS_SEARCH_USER_PATHS = NO;
				CLANG_ANALYZER_NONNULL = YES;
				CLANG_ANALYZER_NUMBER_OBJECT_CONVERSION = YES_AGGRESSIVE;
				CLANG_CXX_LANGUAGE_STANDARD = "gnu++0x";
				CLANG_CXX_LIBRARY = "libc++";
				CLANG_ENABLE_MODULES = YES;
				CLANG_ENABLE_OBJC_ARC = YES;
				CLANG_WARN_BOOL_CONVERSION = YES;
				CLANG_WARN_CONSTANT_CONVERSION = YES;
				CLANG_WARN_DIRECT_OBJC_ISA_USAGE = YES_ERROR;
				CLANG_WARN_DOCUMENTATION_COMMENTS = YES;
				CLANG_WARN_EMPTY_BODY = YES;
				CLANG_WARN_ENUM_CONVERSION = YES;
				CLANG_WARN_INFINITE_RECURSION = YES;
				CLANG_WARN_INT_CONVERSION = YES;
				CLANG_WARN_OBJC_ROOT_CLASS = YES_ERROR;
				CLANG_WARN_SUSPICIOUS_MOVE = YES;
				CLANG_WARN_UNREACHABLE_CODE = YES;
				CLANG_WARN__DUPLICATE_METHOD_MATCH = YES;
				"CODE_SIGN_IDENTITY[sdk=iphoneos*]" = "iPhone Developer";
				COPY_PHASE_STRIP = NO;
				DEBUG_INFORMATION_FORMAT = "dwarf-with-dsym";
				ENABLE_NS_ASSERTIONS = NO;
				ENABLE_STRICT_OBJC_MSGSEND = YES;
				GCC_C_LANGUAGE_STANDARD = gnu99;
				GCC_NO_COMMON_BLOCKS = YES;
				GCC_WARN_64_TO_32_BIT_CONVERSION = YES;
				GCC_WARN_ABOUT_RETURN_TYPE = YES_ERROR;
				GCC_WARN_UNDECLARED_SELECTOR = YES;
				GCC_WARN_UNINITIALIZED_AUTOS = YES_AGGRESSIVE;
				GCC_WARN_UNUSED_FUNCTION = YES;
				GCC_WARN_UNUSED_VARIABLE = YES;
				IPHONEOS_DEPLOYMENT_TARGET = 10.3;
				MTL_ENABLE_DEBUG_INFO = NO;
				SDKROOT = iphoneos;
				SWIFT_OPTIMIZATION_LEVEL = "-Owholemodule";
				VALIDATE_PRODUCT = YES;
			};
			name = Release;
		};
		287772151EBECF0E00196D97 /* Debug */ = {
			isa = XCBuildConfiguration;
			buildSettings = {
				ASSETCATALOG_COMPILER_APPICON_NAME = AppIcon;
				DEVELOPMENT_TEAM = WW8CTKBQ93;
				INFOPLIST_FILE = Jamiyah/Info.plist;
				LD_RUNPATH_SEARCH_PATHS = "$(inherited) @executable_path/Frameworks";
				PRODUCT_BUNDLE_IDENTIFIER = "com.-techaddictsa.Jamiyah";
				PRODUCT_NAME = "$(TARGET_NAME)";
				SWIFT_VERSION = 3.0;
			};
			name = Debug;
		};
		287772161EBECF0E00196D97 /* Release */ = {
			isa = XCBuildConfiguration;
			buildSettings = {
				ASSETCATALOG_COMPILER_APPICON_NAME = AppIcon;
				DEVELOPMENT_TEAM = WW8CTKBQ93;
				INFOPLIST_FILE = Jamiyah/Info.plist;
				LD_RUNPATH_SEARCH_PATHS = "$(inherited) @executable_path/Frameworks";
				PRODUCT_BUNDLE_IDENTIFIER = "com.-techaddictsa.Jamiyah";
				PRODUCT_NAME = "$(TARGET_NAME)";
				SWIFT_VERSION = 3.0;
			};
			name = Release;
		};
/* End XCBuildConfiguration section */

/* Begin XCConfigurationList section */
		287771FD1EBECF0E00196D97 /* Build configuration list for PBXProject "Jamiyah" */ = {
			isa = XCConfigurationList;
			buildConfigurations = (
				287772121EBECF0E00196D97 /* Debug */,
				287772131EBECF0E00196D97 /* Release */,
			);
			defaultConfigurationIsVisible = 0;
			defaultConfigurationName = Release;
		};
		287772141EBECF0E00196D97 /* Build configuration list for PBXNativeTarget "Jamiyah" */ = {
			isa = XCConfigurationList;
			buildConfigurations = (
				287772151EBECF0E00196D97 /* Debug */,
				287772161EBECF0E00196D97 /* Release */,
			);
			defaultConfigurationIsVisible = 0;
		};
/* End XCConfigurationList section */
	};
	rootObject = 287771FA1EBECF0E00196D97 /* Project object */;
}
