// !$*UTF8*$!
{
	archiveVersion = 1;
	classes = {
	};
	objectVersion = 46;
	objects = {

/* Begin PBXBuildFile section */
		28220AC41ECE513C00E8D5CA /* AuthServices.swift in Sources */ = {isa = PBXBuildFile; fileRef = 28220AC31ECE513C00E8D5CA /* AuthServices.swift */; };
		28220AC61ECE532C00E8D5CA /* AlertMessage.swift in Sources */ = {isa = PBXBuildFile; fileRef = 28220AC51ECE532C00E8D5CA /* AlertMessage.swift */; };
		28220ACA1ECEC02000E8D5CA /* SWRevealViewController.m in Sources */ = {isa = PBXBuildFile; fileRef = 28220AC91ECEC02000E8D5CA /* SWRevealViewController.m */; };
		28220ACC1ECEC41D00E8D5CA /* Main.storyboard in Resources */ = {isa = PBXBuildFile; fileRef = 28220ACB1ECEC41D00E8D5CA /* Main.storyboard */; };
		28220AD61ECEE38A00E8D5CA /* JamiyahListViewController.swift in Sources */ = {isa = PBXBuildFile; fileRef = 28220AD51ECEE38A00E8D5CA /* JamiyahListViewController.swift */; };
		28220AD81ECF000900E8D5CA /* Main2.storyboard in Resources */ = {isa = PBXBuildFile; fileRef = 28220AD71ECF000900E8D5CA /* Main2.storyboard */; };
		28220ADA1ECF09A100E8D5CA /* addjam3iahViewController.swift in Sources */ = {isa = PBXBuildFile; fileRef = 28220AD91ECF09A100E8D5CA /* addjam3iahViewController.swift */; };
		286365ED1EBF167400B3C126 /* muslimah-light-165e47eb23ec3485030eb50483629860.otf in Resources */ = {isa = PBXBuildFile; fileRef = 286365EC1EBF167400B3C126 /* muslimah-light-165e47eb23ec3485030eb50483629860.otf */; };
		286365EF1EBF18A000B3C126 /* SignInRegisterViewController.swift in Sources */ = {isa = PBXBuildFile; fileRef = 286365EE1EBF18A000B3C126 /* SignInRegisterViewController.swift */; };
		286365F11EBF18C800B3C126 /* SignInController.swift in Sources */ = {isa = PBXBuildFile; fileRef = 286365F01EBF18C800B3C126 /* SignInController.swift */; };
		286365F31EBF18E100B3C126 /* RegisterViewController.swift in Sources */ = {isa = PBXBuildFile; fileRef = 286365F21EBF18E100B3C126 /* RegisterViewController.swift */; };
		286C853C1EC0588E0065762C /* GoogleService-Info.plist in Resources */ = {isa = PBXBuildFile; fileRef = 286C853B1EC0588E0065762C /* GoogleService-Info.plist */; };
		287772061EBECF0E00196D97 /* AppDelegate.swift in Sources */ = {isa = PBXBuildFile; fileRef = 287772051EBECF0E00196D97 /* AppDelegate.swift */; };
		287772081EBECF0E00196D97 /* MainViewController.swift in Sources */ = {isa = PBXBuildFile; fileRef = 287772071EBECF0E00196D97 /* MainViewController.swift */; };
		2877720B1EBECF0E00196D97 /* Start.storyboard in Resources */ = {isa = PBXBuildFile; fileRef = 287772091EBECF0E00196D97 /* Start.storyboard */; };
		2877720D1EBECF0E00196D97 /* Assets.xcassets in Resources */ = {isa = PBXBuildFile; fileRef = 2877720C1EBECF0E00196D97 /* Assets.xcassets */; };
		287772101EBECF0E00196D97 /* LaunchScreen.storyboard in Resources */ = {isa = PBXBuildFile; fileRef = 2877720E1EBECF0E00196D97 /* LaunchScreen.storyboard */; };
		28CE034B1EC17407000B9FC8 /* ResetPasswordController.swift in Sources */ = {isa = PBXBuildFile; fileRef = 28CE034A1EC17406000B9FC8 /* ResetPasswordController.swift */; };
		28FB77F61EC93B8100FF3797 /* www.Brushez.com-khalaad Hadeel.ttf in Resources */ = {isa = PBXBuildFile; fileRef = 28FB77F51EC93B8100FF3797 /* www.Brushez.com-khalaad Hadeel.ttf */; };
		28FB77F81EC93B8C00FF3797 /* www.Brushez.com-SC_AMEEN.ttf in Resources */ = {isa = PBXBuildFile; fileRef = 28FB77F71EC93B8C00FF3797 /* www.Brushez.com-SC_AMEEN.ttf */; };
		421DE99BB08DC6A1598B2181 /* Pods_Jamiyah.framework in Frameworks */ = {isa = PBXBuildFile; fileRef = F33FED39974896028463FD0F /* Pods_Jamiyah.framework */; };
/* End PBXBuildFile section */

/* Begin PBXFileReference section */
		28220AC31ECE513C00E8D5CA /* AuthServices.swift */ = {isa = PBXFileReference; fileEncoding = 4; lastKnownFileType = sourcecode.swift; path = AuthServices.swift; sourceTree = "<group>"; };
		28220AC51ECE532C00E8D5CA /* AlertMessage.swift */ = {isa = PBXFileReference; fileEncoding = 4; lastKnownFileType = sourcecode.swift; path = AlertMessage.swift; sourceTree = "<group>"; };
		28220AC71ECEC01C00E8D5CA /* Jamiyah-Bridging-Header.h */ = {isa = PBXFileReference; lastKnownFileType = sourcecode.c.h; path = "Jamiyah-Bridging-Header.h"; sourceTree = "<group>"; };
		28220AC81ECEC02000E8D5CA /* SWRevealViewController.h */ = {isa = PBXFileReference; fileEncoding = 4; lastKnownFileType = sourcecode.c.h; path = SWRevealViewController.h; sourceTree = "<group>"; };
		28220AC91ECEC02000E8D5CA /* SWRevealViewController.m */ = {isa = PBXFileReference; fileEncoding = 4; lastKnownFileType = sourcecode.c.objc; path = SWRevealViewController.m; sourceTree = "<group>"; };
		28220ACB1ECEC41D00E8D5CA /* Main.storyboard */ = {isa = PBXFileReference; fileEncoding = 4; lastKnownFileType = file.storyboard; path = Main.storyboard; sourceTree = "<group>"; };
		28220AD51ECEE38A00E8D5CA /* JamiyahListViewController.swift */ = {isa = PBXFileReference; fileEncoding = 4; lastKnownFileType = sourcecode.swift; path = JamiyahListViewController.swift; sourceTree = "<group>"; };
		28220AD71ECF000900E8D5CA /* Main2.storyboard */ = {isa = PBXFileReference; fileEncoding = 4; lastKnownFileType = file.storyboard; path = Main2.storyboard; sourceTree = "<group>"; };
		28220AD91ECF09A100E8D5CA /* addjam3iahViewController.swift */ = {isa = PBXFileReference; fileEncoding = 4; lastKnownFileType = sourcecode.swift; path = addjam3iahViewController.swift; sourceTree = "<group>"; };
		286365EC1EBF167400B3C126 /* muslimah-light-165e47eb23ec3485030eb50483629860.otf */ = {isa = PBXFileReference; lastKnownFileType = file; path = "muslimah-light-165e47eb23ec3485030eb50483629860.otf"; sourceTree = "<group>"; };
		286365EE1EBF18A000B3C126 /* SignInRegisterViewController.swift */ = {isa = PBXFileReference; fileEncoding = 4; lastKnownFileType = sourcecode.swift; path = SignInRegisterViewController.swift; sourceTree = "<group>"; };
		286365F01EBF18C800B3C126 /* SignInController.swift */ = {isa = PBXFileReference; fileEncoding = 4; lastKnownFileType = sourcecode.swift; path = SignInController.swift; sourceTree = "<group>"; };
		286365F21EBF18E100B3C126 /* RegisterViewController.swift */ = {isa = PBXFileReference; fileEncoding = 4; lastKnownFileType = sourcecode.swift; path = RegisterViewController.swift; sourceTree = "<group>"; };
		286C853B1EC0588E0065762C /* GoogleService-Info.plist */ = {isa = PBXFileReference; fileEncoding = 4; lastKnownFileType = text.plist.xml; path = "GoogleService-Info.plist"; sourceTree = "<group>"; };
		287772021EBECF0E00196D97 /* Jamiyah.app */ = {isa = PBXFileReference; explicitFileType = wrapper.application; includeInIndex = 0; path = Jamiyah.app; sourceTree = BUILT_PRODUCTS_DIR; };
		287772051EBECF0E00196D97 /* AppDelegate.swift */ = {isa = PBXFileReference; lastKnownFileType = sourcecode.swift; path = AppDelegate.swift; sourceTree = "<group>"; };
		287772071EBECF0E00196D97 /* MainViewController.swift */ = {isa = PBXFileReference; lastKnownFileType = sourcecode.swift; path = MainViewController.swift; sourceTree = "<group>"; };
		2877720A1EBECF0E00196D97 /* Base */ = {isa = PBXFileReference; lastKnownFileType = file.storyboard; name = Base; path = Base.lproj/Start.storyboard; sourceTree = "<group>"; };
		2877720C1EBECF0E00196D97 /* Assets.xcassets */ = {isa = PBXFileReference; lastKnownFileType = folder.assetcatalog; path = Assets.xcassets; sourceTree = "<group>"; };
		2877720F1EBECF0E00196D97 /* Base */ = {isa = PBXFileReference; lastKnownFileType = file.storyboard; name = Base; path = Base.lproj/LaunchScreen.storyboard; sourceTree = "<group>"; };
		287772111EBECF0E00196D97 /* Info.plist */ = {isa = PBXFileReference; lastKnownFileType = text.plist.xml; path = Info.plist; sourceTree = "<group>"; };
		28CE034A1EC17406000B9FC8 /* ResetPasswordController.swift */ = {isa = PBXFileReference; fileEncoding = 4; lastKnownFileType = sourcecode.swift; path = ResetPasswordController.swift; sourceTree = "<group>"; };
		28FB77F51EC93B8100FF3797 /* www.Brushez.com-khalaad Hadeel.ttf */ = {isa = PBXFileReference; lastKnownFileType = file; path = "www.Brushez.com-khalaad Hadeel.ttf"; sourceTree = "<group>"; };
		28FB77F71EC93B8C00FF3797 /* www.Brushez.com-SC_AMEEN.ttf */ = {isa = PBXFileReference; lastKnownFileType = file; path = "www.Brushez.com-SC_AMEEN.ttf"; sourceTree = "<group>"; };
		5C7725F643A48AB057424EF0 /* Pods-Jamiyah.release.xcconfig */ = {isa = PBXFileReference; includeInIndex = 1; lastKnownFileType = text.xcconfig; name = "Pods-Jamiyah.release.xcconfig"; path = "Pods/Target Support Files/Pods-Jamiyah/Pods-Jamiyah.release.xcconfig"; sourceTree = "<group>"; };
		A436E7C47CC39CB0665B2384 /* Pods-Jamiyah.debug.xcconfig */ = {isa = PBXFileReference; includeInIndex = 1; lastKnownFileType = text.xcconfig; name = "Pods-Jamiyah.debug.xcconfig"; path = "Pods/Target Support Files/Pods-Jamiyah/Pods-Jamiyah.debug.xcconfig"; sourceTree = "<group>"; };
		F33FED39974896028463FD0F /* Pods_Jamiyah.framework */ = {isa = PBXFileReference; explicitFileType = wrapper.framework; includeInIndex = 0; path = Pods_Jamiyah.framework; sourceTree = BUILT_PRODUCTS_DIR; };
/* End PBXFileReference section */

/* Begin PBXFrameworksBuildPhase section */
		287771FF1EBECF0E00196D97 /* Frameworks */ = {
			isa = PBXFrameworksBuildPhase;
			buildActionMask = 2147483647;
			files = (
				421DE99BB08DC6A1598B2181 /* Pods_Jamiyah.framework in Frameworks */,
			);
			runOnlyForDeploymentPostprocessing = 0;
		};
/* End PBXFrameworksBuildPhase section */

/* Begin PBXGroup section */
		010AB201A1E61BB177C54FC8 /* Frameworks */ = {
			isa = PBXGroup;
			children = (
				F33FED39974896028463FD0F /* Pods_Jamiyah.framework */,
			);
			name = Frameworks;
			sourceTree = "<group>";
		};
		28220ACD1ECECADF00E8D5CA /* Storyboards */ = {
			isa = PBXGroup;
			children = (
				287772091EBECF0E00196D97 /* Start.storyboard */,
				28220ACB1ECEC41D00E8D5CA /* Main.storyboard */,
			);
			name = Storyboards;
			sourceTree = "<group>";
		};
		28220AD21ECEDB6B00E8D5CA /* SignIn_Register */ = {
			isa = PBXGroup;
			children = (
				286365EE1EBF18A000B3C126 /* SignInRegisterViewController.swift */,
				286365F21EBF18E100B3C126 /* RegisterViewController.swift */,
				286365F01EBF18C800B3C126 /* SignInController.swift */,
				28CE034A1EC17406000B9FC8 /* ResetPasswordController.swift */,
			);
			name = SignIn_Register;
			sourceTree = "<group>";
		};
		286365E91EBF151C00B3C126 /* VC */ = {
			isa = PBXGroup;
			children = (
				287772071EBECF0E00196D97 /* MainViewController.swift */,
				28220AD91ECF09A100E8D5CA /* addjam3iahViewController.swift */,
				28220AD51ECEE38A00E8D5CA /* JamiyahListViewController.swift */,
				28220AD21ECEDB6B00E8D5CA /* SignIn_Register */,
			);
			name = VC;
			sourceTree = "<group>";
		};
		286365EA1EBF158600B3C126 /* Supported files */ = {
			isa = PBXGroup;
			children = (
				286365EB1EBF162100B3C126 /* Font */,
				2877720C1EBECF0E00196D97 /* Assets.xcassets */,
				2877720E1EBECF0E00196D97 /* LaunchScreen.storyboard */,
				287772111EBECF0E00196D97 /* Info.plist */,
				286C853B1EC0588E0065762C /* GoogleService-Info.plist */,
			);
			name = "Supported files";
			sourceTree = "<group>";
		};
		286365EB1EBF162100B3C126 /* Font */ = {
			isa = PBXGroup;
			children = (
				28FB77F71EC93B8C00FF3797 /* www.Brushez.com-SC_AMEEN.ttf */,
				28FB77F51EC93B8100FF3797 /* www.Brushez.com-khalaad Hadeel.ttf */,
				286365EC1EBF167400B3C126 /* muslimah-light-165e47eb23ec3485030eb50483629860.otf */,
			);
			name = Font;
			sourceTree = "<group>";
		};
		287771F91EBECF0E00196D97 = {
			isa = PBXGroup;
			children = (
				287772041EBECF0E00196D97 /* Jamiyah */,
				287772031EBECF0E00196D97 /* Products */,
				C7B793FCC53A0020744CEB5A /* Pods */,
				010AB201A1E61BB177C54FC8 /* Frameworks */,
			);
			sourceTree = "<group>";
		};
		287772031EBECF0E00196D97 /* Products */ = {
			isa = PBXGroup;
			children = (
				287772021EBECF0E00196D97 /* Jamiyah.app */,
			);
			name = Products;
			sourceTree = "<group>";
		};
		287772041EBECF0E00196D97 /* Jamiyah */ = {
			isa = PBXGroup;
			children = (
				287772051EBECF0E00196D97 /* AppDelegate.swift */,
				28220AC31ECE513C00E8D5CA /* AuthServices.swift */,
				28220AC51ECE532C00E8D5CA /* AlertMessage.swift */,
				28220AC81ECEC02000E8D5CA /* SWRevealViewController.h */,
				28220AC91ECEC02000E8D5CA /* SWRevealViewController.m */,
				28220AC71ECEC01C00E8D5CA /* Jamiyah-Bridging-Header.h */,
				28220AD71ECF000900E8D5CA /* Main2.storyboard */,
				28220ACD1ECECADF00E8D5CA /* Storyboards */,
				286365E91EBF151C00B3C126 /* VC */,
				286365EA1EBF158600B3C126 /* Supported files */,
			);
			path = Jamiyah;
			sourceTree = "<group>";
		};
		C7B793FCC53A0020744CEB5A /* Pods */ = {
			isa = PBXGroup;
			children = (
				A436E7C47CC39CB0665B2384 /* Pods-Jamiyah.debug.xcconfig */,
				5C7725F643A48AB057424EF0 /* Pods-Jamiyah.release.xcconfig */,
			);
			name = Pods;
			sourceTree = "<group>";
		};
/* End PBXGroup section */

/* Begin PBXNativeTarget section */
		287772011EBECF0E00196D97 /* Jamiyah */ = {
			isa = PBXNativeTarget;
			buildConfigurationList = 287772141EBECF0E00196D97 /* Build configuration list for PBXNativeTarget "Jamiyah" */;
			buildPhases = (
				0A9506CF6FA0EB3891DDBD6F /* [CP] Check Pods Manifest.lock */,
				287771FE1EBECF0E00196D97 /* Sources */,
				287771FF1EBECF0E00196D97 /* Frameworks */,
				287772001EBECF0E00196D97 /* Resources */,
				6B8D3DD379B316F5E6C20C91 /* [CP] Embed Pods Frameworks */,
				86594970ADE9C36BB726CC2E /* [CP] Copy Pods Resources */,
			);
			buildRules = (
			);
			dependencies = (
			);
			name = Jamiyah;
			productName = Jamiyah;
			productReference = 287772021EBECF0E00196D97 /* Jamiyah.app */;
			productType = "com.apple.product-type.application";
		};
/* End PBXNativeTarget section */

/* Begin PBXProject section */
		287771FA1EBECF0E00196D97 /* Project object */ = {
			isa = PBXProject;
			attributes = {
				LastSwiftUpdateCheck = 0830;
				LastUpgradeCheck = 0830;
				ORGANIZATIONNAME = techaddictsa;
				TargetAttributes = {
					287772011EBECF0E00196D97 = {
						CreatedOnToolsVersion = 8.3.2;
						DevelopmentTeam = 5W35Q53HR3;
						LastSwiftMigration = 0830;
						ProvisioningStyle = Automatic;
					};
				};
			};
			buildConfigurationList = 287771FD1EBECF0E00196D97 /* Build configuration list for PBXProject "Jamiyah" */;
			compatibilityVersion = "Xcode 3.2";
			developmentRegion = English;
			hasScannedForEncodings = 0;
			knownRegions = (
				en,
				Base,
			);
			mainGroup = 287771F91EBECF0E00196D97;
			productRefGroup = 287772031EBECF0E00196D97 /* Products */;
			projectDirPath = "";
			projectRoot = "";
			targets = (
				287772011EBECF0E00196D97 /* Jamiyah */,
			);
		};
/* End PBXProject section */

/* Begin PBXResourcesBuildPhase section */
		287772001EBECF0E00196D97 /* Resources */ = {
			isa = PBXResourcesBuildPhase;
			buildActionMask = 2147483647;
			files = (
				287772101EBECF0E00196D97 /* LaunchScreen.storyboard in Resources */,
				286365ED1EBF167400B3C126 /* muslimah-light-165e47eb23ec3485030eb50483629860.otf in Resources */,
				286C853C1EC0588E0065762C /* GoogleService-Info.plist in Resources */,
				28220ACC1ECEC41D00E8D5CA /* Main.storyboard in Resources */,
				28FB77F61EC93B8100FF3797 /* www.Brushez.com-khalaad Hadeel.ttf in Resources */,
				2877720D1EBECF0E00196D97 /* Assets.xcassets in Resources */,
				28FB77F81EC93B8C00FF3797 /* www.Brushez.com-SC_AMEEN.ttf in Resources */,
				28220AD81ECF000900E8D5CA /* Main2.storyboard in Resources */,
				2877720B1EBECF0E00196D97 /* Start.storyboard in Resources */,
			);
			runOnlyForDeploymentPostprocessing = 0;
		};
/* End PBXResourcesBuildPhase section */

/* Begin PBXShellScriptBuildPhase section */
		0A9506CF6FA0EB3891DDBD6F /* [CP] Check Pods Manifest.lock */ = {
			isa = PBXShellScriptBuildPhase;
			buildActionMask = 2147483647;
			files = (
			);
			inputPaths = (
			);
			name = "[CP] Check Pods Manifest.lock";
			outputPaths = (
			);
			runOnlyForDeploymentPostprocessing = 0;
			shellPath = /bin/sh;
			shellScript = "diff \"${PODS_ROOT}/../Podfile.lock\" \"${PODS_ROOT}/Manifest.lock\" > /dev/null\nif [ $? != 0 ] ; then\n    # print error to STDERR\n    echo \"error: The sandbox is not in sync with the Podfile.lock. Run 'pod install' or update your CocoaPods installation.\" >&2\n    exit 1\nfi\n";
			showEnvVarsInLog = 0;
		};
		6B8D3DD379B316F5E6C20C91 /* [CP] Embed Pods Frameworks */ = {
			isa = PBXShellScriptBuildPhase;
			buildActionMask = 2147483647;
			files = (
			);
			inputPaths = (
			);
			name = "[CP] Embed Pods Frameworks";
			outputPaths = (
			);
			runOnlyForDeploymentPostprocessing = 0;
			shellPath = /bin/sh;
			shellScript = "\"${SRCROOT}/Pods/Target Support Files/Pods-Jamiyah/Pods-Jamiyah-frameworks.sh\"\n";
			showEnvVarsInLog = 0;
		};
		86594970ADE9C36BB726CC2E /* [CP] Copy Pods Resources */ = {
			isa = PBXShellScriptBuildPhase;
			buildActionMask = 2147483647;
			files = (
			);
			inputPaths = (
			);
			name = "[CP] Copy Pods Resources";
			outputPaths = (
			);
			runOnlyForDeploymentPostprocessing = 0;
			shellPath = /bin/sh;
			shellScript = "\"${SRCROOT}/Pods/Target Support Files/Pods-Jamiyah/Pods-Jamiyah-resources.sh\"\n";
			showEnvVarsInLog = 0;
		};
/* End PBXShellScriptBuildPhase section */

/* Begin PBXSourcesBuildPhase section */
		287771FE1EBECF0E00196D97 /* Sources */ = {
			isa = PBXSourcesBuildPhase;
			buildActionMask = 2147483647;
			files = (
				286365EF1EBF18A000B3C126 /* SignInRegisterViewController.swift in Sources */,
				286365F31EBF18E100B3C126 /* RegisterViewController.swift in Sources */,
				28220AC61ECE532C00E8D5CA /* AlertMessage.swift in Sources */,
				28220AC41ECE513C00E8D5CA /* AuthServices.swift in Sources */,
				28CE034B1EC17407000B9FC8 /* ResetPasswordController.swift in Sources */,
				28220ACA1ECEC02000E8D5CA /* SWRevealViewController.m in Sources */,
				28220AD61ECEE38A00E8D5CA /* JamiyahListViewController.swift in Sources */,
				286365F11EBF18C800B3C126 /* SignInController.swift in Sources */,
				287772081EBECF0E00196D97 /* MainViewController.swift in Sources */,
				28220ADA1ECF09A100E8D5CA /* addjam3iahViewController.swift in Sources */,
				287772061EBECF0E00196D97 /* AppDelegate.swift in Sources */,
			);
			runOnlyForDeploymentPostprocessing = 0;
		};
/* End PBXSourcesBuildPhase section */

/* Begin PBXVariantGroup section */
		287772091EBECF0E00196D97 /* Start.storyboard */ = {
			isa = PBXVariantGroup;
			children = (
				2877720A1EBECF0E00196D97 /* Base */,
			);
			name = Start.storyboard;
			sourceTree = "<group>";
		};
		2877720E1EBECF0E00196D97 /* LaunchScreen.storyboard */ = {
			isa = PBXVariantGroup;
			children = (
				2877720F1EBECF0E00196D97 /* Base */,
			);
			name = LaunchScreen.storyboard;
			sourceTree = "<group>";
		};
/* End PBXVariantGroup section */

/* Begin XCBuildConfiguration section */
		287772121EBECF0E00196D97 /* Debug */ = {
			isa = XCBuildConfiguration;
			buildSettings = {
				ALWAYS_SEARCH_USER_PATHS = NO;
				CLANG_ANALYZER_NONNULL = YES;
				CLANG_ANALYZER_NUMBER_OBJECT_CONVERSION = YES_AGGRESSIVE;
				CLANG_CXX_LANGUAGE_STANDARD = "gnu++0x";
				CLANG_CXX_LIBRARY = "libc++";
				CLANG_ENABLE_MODULES = YES;
				CLANG_ENABLE_OBJC_ARC = YES;
				CLANG_WARN_BOOL_CONVERSION = YES;
				CLANG_WARN_CONSTANT_CONVERSION = YES;
				CLANG_WARN_DIRECT_OBJC_ISA_USAGE = YES_ERROR;
				CLANG_WARN_DOCUMENTATION_COMMENTS = YES;
				CLANG_WARN_EMPTY_BODY = YES;
				CLANG_WARN_ENUM_CONVERSION = YES;
				CLANG_WARN_INFINITE_RECURSION = YES;
				CLANG_WARN_INT_CONVERSION = YES;
				CLANG_WARN_OBJC_ROOT_CLASS = YES_ERROR;
				CLANG_WARN_SUSPICIOUS_MOVE = YES;
				CLANG_WARN_UNREACHABLE_CODE = YES;
				CLANG_WARN__DUPLICATE_METHOD_MATCH = YES;
				"CODE_SIGN_IDENTITY[sdk=iphoneos*]" = "iPhone Developer";
				COPY_PHASE_STRIP = NO;
				DEBUG_INFORMATION_FORMAT = dwarf;
				ENABLE_STRICT_OBJC_MSGSEND = YES;
				ENABLE_TESTABILITY = YES;
				GCC_C_LANGUAGE_STANDARD = gnu99;
				GCC_DYNAMIC_NO_PIC = NO;
				GCC_NO_COMMON_BLOCKS = YES;
				GCC_OPTIMIZATION_LEVEL = 0;
				GCC_PREPROCESSOR_DEFINITIONS = (
					"DEBUG=1",
					"$(inherited)",
				);
				GCC_WARN_64_TO_32_BIT_CONVERSION = YES;
				GCC_WARN_ABOUT_RETURN_TYPE = YES_ERROR;
				GCC_WARN_UNDECLARED_SELECTOR = YES;
				GCC_WARN_UNINITIALIZED_AUTOS = YES_AGGRESSIVE;
				GCC_WARN_UNUSED_FUNCTION = YES;
				GCC_WARN_UNUSED_VARIABLE = YES;
				IPHONEOS_DEPLOYMENT_TARGET = 10.3;
				MTL_ENABLE_DEBUG_INFO = YES;
				ONLY_ACTIVE_ARCH = YES;
				SDKROOT = iphoneos;
				SWIFT_ACTIVE_COMPILATION_CONDITIONS = DEBUG;
				SWIFT_OPTIMIZATION_LEVEL = "-Onone";
			};
			name = Debug;
		};
		287772131EBECF0E00196D97 /* Release */ = {
			isa = XCBuildConfiguration;
			buildSettings = {
				ALWAYS_SEARCH_USER_PATHS = NO;
				CLANG_ANALYZER_NONNULL = YES;
				CLANG_ANALYZER_NUMBER_OBJECT_CONVERSION = YES_AGGRESSIVE;
				CLANG_CXX_LANGUAGE_STANDARD = "gnu++0x";
				CLANG_CXX_LIBRARY = "libc++";
				CLANG_ENABLE_MODULES = YES;
				CLANG_ENABLE_OBJC_ARC = YES;
				CLANG_WARN_BOOL_CONVERSION = YES;
				CLANG_WARN_CONSTANT_CONVERSION = YES;
				CLANG_WARN_DIRECT_OBJC_ISA_USAGE = YES_ERROR;
				CLANG_WARN_DOCUMENTATION_COMMENTS = YES;
				CLANG_WARN_EMPTY_BODY = YES;
				CLANG_WARN_ENUM_CONVERSION = YES;
				CLANG_WARN_INFINITE_RECURSION = YES;
				CLANG_WARN_INT_CONVERSION = YES;
				CLANG_WARN_OBJC_ROOT_CLASS = YES_ERROR;
				CLANG_WARN_SUSPICIOUS_MOVE = YES;
				CLANG_WARN_UNREACHABLE_CODE = YES;
				CLANG_WARN__DUPLICATE_METHOD_MATCH = YES;
				"CODE_SIGN_IDENTITY[sdk=iphoneos*]" = "iPhone Developer";
				COPY_PHASE_STRIP = NO;
				DEBUG_INFORMATION_FORMAT = "dwarf-with-dsym";
				ENABLE_NS_ASSERTIONS = NO;
				ENABLE_STRICT_OBJC_MSGSEND = YES;
				GCC_C_LANGUAGE_STANDARD = gnu99;
				GCC_NO_COMMON_BLOCKS = YES;
				GCC_WARN_64_TO_32_BIT_CONVERSION = YES;
				GCC_WARN_ABOUT_RETURN_TYPE = YES_ERROR;
				GCC_WARN_UNDECLARED_SELECTOR = YES;
				GCC_WARN_UNINITIALIZED_AUTOS = YES_AGGRESSIVE;
				GCC_WARN_UNUSED_FUNCTION = YES;
				GCC_WARN_UNUSED_VARIABLE = YES;
				IPHONEOS_DEPLOYMENT_TARGET = 10.3;
				MTL_ENABLE_DEBUG_INFO = NO;
				SDKROOT = iphoneos;
				SWIFT_OPTIMIZATION_LEVEL = "-Owholemodule";
				VALIDATE_PRODUCT = YES;
			};
			name = Release;
		};
		287772151EBECF0E00196D97 /* Debug */ = {
			isa = XCBuildConfiguration;
			baseConfigurationReference = A436E7C47CC39CB0665B2384 /* Pods-Jamiyah.debug.xcconfig */;
			buildSettings = {
				ASSETCATALOG_COMPILER_APPICON_NAME = AppIcon;
				CLANG_ENABLE_MODULES = YES;
				DEVELOPMENT_TEAM = 5W35Q53HR3;
				INFOPLIST_FILE = Jamiyah/Info.plist;
				LD_RUNPATH_SEARCH_PATHS = "$(inherited) @executable_path/Frameworks";
				PRODUCT_BUNDLE_IDENTIFIER = "com.-techaddictsa.Jamiyah";
				PRODUCT_NAME = "$(TARGET_NAME)";
				SWIFT_OBJC_BRIDGING_HEADER = "Jamiyah/Jamiyah-Bridging-Header.h";
				SWIFT_OPTIMIZATION_LEVEL = "-Onone";
				SWIFT_VERSION = 3.0;
			};
			name = Debug;
		};
		287772161EBECF0E00196D97 /* Release */ = {
			isa = XCBuildConfiguration;
			baseConfigurationReference = 5C7725F643A48AB057424EF0 /* Pods-Jamiyah.release.xcconfig */;
			buildSettings = {
				ASSETCATALOG_COMPILER_APPICON_NAME = AppIcon;
				CLANG_ENABLE_MODULES = YES;
				DEVELOPMENT_TEAM = 5W35Q53HR3;
				INFOPLIST_FILE = Jamiyah/Info.plist;
				LD_RUNPATH_SEARCH_PATHS = "$(inherited) @executable_path/Frameworks";
				PRODUCT_BUNDLE_IDENTIFIER = "com.-techaddictsa.Jamiyah";
				PRODUCT_NAME = "$(TARGET_NAME)";
				SWIFT_OBJC_BRIDGING_HEADER = "Jamiyah/Jamiyah-Bridging-Header.h";
				SWIFT_VERSION = 3.0;
			};
			name = Release;
		};
/* End XCBuildConfiguration section */

/* Begin XCConfigurationList section */
		287771FD1EBECF0E00196D97 /* Build configuration list for PBXProject "Jamiyah" */ = {
			isa = XCConfigurationList;
			buildConfigurations = (
				287772121EBECF0E00196D97 /* Debug */,
				287772131EBECF0E00196D97 /* Release */,
			);
			defaultConfigurationIsVisible = 0;
			defaultConfigurationName = Release;
		};
		287772141EBECF0E00196D97 /* Build configuration list for PBXNativeTarget "Jamiyah" */ = {
			isa = XCConfigurationList;
			buildConfigurations = (
				287772151EBECF0E00196D97 /* Debug */,
				287772161EBECF0E00196D97 /* Release */,
			);
			defaultConfigurationIsVisible = 0;
			defaultConfigurationName = Release;
		};
/* End XCConfigurationList section */
	};
	rootObject = 287771FA1EBECF0E00196D97 /* Project object */;
}
